
Microsoft Visual Studio Solution File, Format Version 12.00
# Visual Studio Version 17
VisualStudioVersion = 17.13.35806.99 d17.13
MinimumVisualStudioVersion = 10.0.40219.1
Project("{FAE04EC0-301F-11D3-BF4B-00C04F79EFBC}") = "PuzzleSolver", "PuzzleSolver\PuzzleSolver.csproj", "{5225D4CD-DE40-4B97-8AD5-3677C983596C}"
EndProject
Global
	GlobalSection(SolutionConfigurationPlatforms) = preSolution
		Debug|Any CPU = Debug|Any CPU
		Release|Any CPU = Release|Any CPU
	EndGlobalSection
	GlobalSection(ProjectConfigurationPlatforms) = postSolution
		{5225D4CD-DE40-4B97-8AD5-3677C983596C}.Debug|Any CPU.ActiveCfg = Debug|Any CPU
		{5225D4CD-DE40-4B97-8AD5-3677C983596C}.Debug|Any CPU.Build.0 = Debug|Any CPU
		{5225D4CD-DE40-4B97-8AD5-3677C983596C}.Release|Any CPU.ActiveCfg = Release|Any CPU
		{5225D4CD-DE40-4B97-8AD5-3677C983596C}.Release|Any CPU.Build.0 = Release|Any CPU
	EndGlobalSection
	GlobalSection(SolutionProperties) = preSolution
		HideSolutionNode = FALSE
	EndGlobalSection
	GlobalSection(ExtensibilityGlobals) = postSolution
		SolutionGuid = {987D30EC-BAB6-41B9-B57D-60726C70CA53}
	EndGlobalSection
EndGlobal
