
Microsoft Visual Studio Solution File, Format Version 12.00
# Visual Studio Version 17
VisualStudioVersion = 17.0.31903.59
MinimumVisualStudioVersion = 10.0.40219.1
Project("{9A19103F-16F7-4668-BE54-9A1E7A4F7556}") = "Two Sum", "Two Sum\Two Sum.csproj", "{1A4535FF-FC56-49AF-81C9-6F691B4AE2CB}"
EndProject
Project("{9A19103F-16F7-4668-BE54-9A1E7A4F7556}") = "Merge Two Sorted Lists", "Merge Two Sorted Lists\Merge Two Sorted Lists.csproj", "{3AB11709-2D81-4C1C-BEDB-FA285D44761D}"
EndProject
Project("{9A19103F-16F7-4668-BE54-9A1E7A4F7556}") = "Reverse Integer", "Reverse Integer\Reverse Integer.csproj", "{03080E2C-6490-4611-B91B-03863338A67C}"
EndProject
Project("{9A19103F-16F7-4668-BE54-9A1E7A4F7556}") = "Subsets", "Subsets\Subsets.csproj", "{3A2C3B54-B2F0-42DB-A15E-04863B2883A9}"
EndProject
Project("{9A19103F-16F7-4668-BE54-9A1E7A4F7556}") = "Unique Paths", "Unique Paths\Unique Paths.csproj", "{4DB71A51-2DCA-42D1-A3F2-0641DC0EA56A}"
EndProject
Project("{9A19103F-16F7-4668-BE54-9A1E7A4F7556}") = "Remove Nth Node from End of List", "Remove Nth Node from End of List\Remove Nth Node from End of List.csproj", "{D50A5D84-8EA4-4DF6-9AA0-8BA5584062EE}"
EndProject
Project("{9A19103F-16F7-4668-BE54-9A1E7A4F7556}") = "Palindrome Number", "Palindrome Number\Palindrome Number.csproj", "{4EA6A5D4-CD24-4454-B744-2AE0803D747F}"
EndProject
Project("{9A19103F-16F7-4668-BE54-9A1E7A4F7556}") = "BestTimetoBuyandSellStock", "BestTimetoBuyandSellStock\BestTimetoBuyandSellStock.csproj", "{B87D9E1E-8A90-4F34-B4D7-D56312DDA1FB}"
EndProject
Project("{9A19103F-16F7-4668-BE54-9A1E7A4F7556}") = "Concatenation of Array", "Concatenation of Array\Concatenation of Array.csproj", "{0A5BE7ED-DD46-405C-8EE9-8499B47333A5}"
EndProject
Project("{9A19103F-16F7-4668-BE54-9A1E7A4F7556}") = "Defanging an IP Address", "Defanging an IP Address\Defanging an IP Address.csproj", "{C9D22B65-209F-4479-BBB2-B8D241DE7D3B}"
EndProject
Project("{9A19103F-16F7-4668-BE54-9A1E7A4F7556}") = "Find the Maximum Achievable Number", "Find the Maximum Achievable Number\Find the Maximum Achievable Number.csproj", "{BAB2AAB7-4CC8-47F6-BA57-644A83CC18D4}"
EndProject
Project("{FAE04EC0-301F-11D3-BF4B-00C04F79EFBC}") = "LengthOfLongestSubstring", "LengthOfLongestSubstring\LengthOfLongestSubstring.csproj", "{A2F47D8A-9709-46CA-9492-184F264EBCB3}"
EndProject
Global
	GlobalSection(SolutionConfigurationPlatforms) = preSolution
		Debug|Any CPU = Debug|Any CPU
		Release|Any CPU = Release|Any CPU
	EndGlobalSection
	GlobalSection(ProjectConfigurationPlatforms) = postSolution
		{1A4535FF-FC56-49AF-81C9-6F691B4AE2CB}.Debug|Any CPU.ActiveCfg = Debug|Any CPU
		{1A4535FF-FC56-49AF-81C9-6F691B4AE2CB}.Debug|Any CPU.Build.0 = Debug|Any CPU
		{1A4535FF-FC56-49AF-81C9-6F691B4AE2CB}.Release|Any CPU.ActiveCfg = Release|Any CPU
		{1A4535FF-FC56-49AF-81C9-6F691B4AE2CB}.Release|Any CPU.Build.0 = Release|Any CPU
		{3AB11709-2D81-4C1C-BEDB-FA285D44761D}.Debug|Any CPU.ActiveCfg = Debug|Any CPU
		{3AB11709-2D81-4C1C-BEDB-FA285D44761D}.Debug|Any CPU.Build.0 = Debug|Any CPU
		{3AB11709-2D81-4C1C-BEDB-FA285D44761D}.Release|Any CPU.ActiveCfg = Release|Any CPU
		{3AB11709-2D81-4C1C-BEDB-FA285D44761D}.Release|Any CPU.Build.0 = Release|Any CPU
		{03080E2C-6490-4611-B91B-03863338A67C}.Debug|Any CPU.ActiveCfg = Debug|Any CPU
		{03080E2C-6490-4611-B91B-03863338A67C}.Debug|Any CPU.Build.0 = Debug|Any CPU
		{03080E2C-6490-4611-B91B-03863338A67C}.Release|Any CPU.ActiveCfg = Release|Any CPU
		{03080E2C-6490-4611-B91B-03863338A67C}.Release|Any CPU.Build.0 = Release|Any CPU
		{3A2C3B54-B2F0-42DB-A15E-04863B2883A9}.Debug|Any CPU.ActiveCfg = Debug|Any CPU
		{3A2C3B54-B2F0-42DB-A15E-04863B2883A9}.Debug|Any CPU.Build.0 = Debug|Any CPU
		{3A2C3B54-B2F0-42DB-A15E-04863B2883A9}.Release|Any CPU.ActiveCfg = Release|Any CPU
		{3A2C3B54-B2F0-42DB-A15E-04863B2883A9}.Release|Any CPU.Build.0 = Release|Any CPU
		{4DB71A51-2DCA-42D1-A3F2-0641DC0EA56A}.Debug|Any CPU.ActiveCfg = Debug|Any CPU
		{4DB71A51-2DCA-42D1-A3F2-0641DC0EA56A}.Debug|Any CPU.Build.0 = Debug|Any CPU
		{4DB71A51-2DCA-42D1-A3F2-0641DC0EA56A}.Release|Any CPU.ActiveCfg = Release|Any CPU
		{4DB71A51-2DCA-42D1-A3F2-0641DC0EA56A}.Release|Any CPU.Build.0 = Release|Any CPU
		{D50A5D84-8EA4-4DF6-9AA0-8BA5584062EE}.Debug|Any CPU.ActiveCfg = Debug|Any CPU
		{D50A5D84-8EA4-4DF6-9AA0-8BA5584062EE}.Debug|Any CPU.Build.0 = Debug|Any CPU
		{D50A5D84-8EA4-4DF6-9AA0-8BA5584062EE}.Release|Any CPU.ActiveCfg = Release|Any CPU
		{D50A5D84-8EA4-4DF6-9AA0-8BA5584062EE}.Release|Any CPU.Build.0 = Release|Any CPU
		{4EA6A5D4-CD24-4454-B744-2AE0803D747F}.Debug|Any CPU.ActiveCfg = Debug|Any CPU
		{4EA6A5D4-CD24-4454-B744-2AE0803D747F}.Debug|Any CPU.Build.0 = Debug|Any CPU
		{4EA6A5D4-CD24-4454-B744-2AE0803D747F}.Release|Any CPU.ActiveCfg = Release|Any CPU
		{4EA6A5D4-CD24-4454-B744-2AE0803D747F}.Release|Any CPU.Build.0 = Release|Any CPU
		{B87D9E1E-8A90-4F34-B4D7-D56312DDA1FB}.Debug|Any CPU.ActiveCfg = Debug|Any CPU
		{B87D9E1E-8A90-4F34-B4D7-D56312DDA1FB}.Debug|Any CPU.Build.0 = Debug|Any CPU
		{B87D9E1E-8A90-4F34-B4D7-D56312DDA1FB}.Release|Any CPU.ActiveCfg = Release|Any CPU
		{B87D9E1E-8A90-4F34-B4D7-D56312DDA1FB}.Release|Any CPU.Build.0 = Release|Any CPU
		{0A5BE7ED-DD46-405C-8EE9-8499B47333A5}.Debug|Any CPU.ActiveCfg = Debug|Any CPU
		{0A5BE7ED-DD46-405C-8EE9-8499B47333A5}.Debug|Any CPU.Build.0 = Debug|Any CPU
		{0A5BE7ED-DD46-405C-8EE9-8499B47333A5}.Release|Any CPU.ActiveCfg = Release|Any CPU
		{0A5BE7ED-DD46-405C-8EE9-8499B47333A5}.Release|Any CPU.Build.0 = Release|Any CPU
		{C9D22B65-209F-4479-BBB2-B8D241DE7D3B}.Debug|Any CPU.ActiveCfg = Debug|Any CPU
		{C9D22B65-209F-4479-BBB2-B8D241DE7D3B}.Debug|Any CPU.Build.0 = Debug|Any CPU
		{C9D22B65-209F-4479-BBB2-B8D241DE7D3B}.Release|Any CPU.ActiveCfg = Release|Any CPU
		{C9D22B65-209F-4479-BBB2-B8D241DE7D3B}.Release|Any CPU.Build.0 = Release|Any CPU
		{BAB2AAB7-4CC8-47F6-BA57-644A83CC18D4}.Debug|Any CPU.ActiveCfg = Debug|Any CPU
		{BAB2AAB7-4CC8-47F6-BA57-644A83CC18D4}.Debug|Any CPU.Build.0 = Debug|Any CPU
		{BAB2AAB7-4CC8-47F6-BA57-644A83CC18D4}.Release|Any CPU.ActiveCfg = Release|Any CPU
		{BAB2AAB7-4CC8-47F6-BA57-644A83CC18D4}.Release|Any CPU.Build.0 = Release|Any CPU
		{A2F47D8A-9709-46CA-9492-184F264EBCB3}.Debug|Any CPU.ActiveCfg = Debug|Any CPU
		{A2F47D8A-9709-46CA-9492-184F264EBCB3}.Debug|Any CPU.Build.0 = Debug|Any CPU
		{A2F47D8A-9709-46CA-9492-184F264EBCB3}.Release|Any CPU.ActiveCfg = Release|Any CPU
		{A2F47D8A-9709-46CA-9492-184F264EBCB3}.Release|Any CPU.Build.0 = Release|Any CPU
	EndGlobalSection
	GlobalSection(SolutionProperties) = preSolution
		HideSolutionNode = FALSE
	EndGlobalSection
	GlobalSection(ExtensibilityGlobals) = postSolution
		SolutionGuid = {A52ECAAB-5120-4F7E-B9FD-18D5267519C1}
	EndGlobalSection
EndGlobal
